
Microsoft Visual Studio Solution File, Format Version 12.00
# Visual Studio Version 17
VisualStudioVersion = 17.0.32014.148
MinimumVisualStudioVersion = 10.0.40219.1
Project("{FAE04EC0-301F-11D3-BF4B-00C04F79EFBC}") = "Server", "Server\Server.csproj", "{F9B20BBB-8084-408E-8195-BE1885EDF930}"
EndProject
Project("{9A19103F-16F7-4668-BE54-9A1E7A4F7556}") = "Common", "Common\Common.csproj", "{79E7672C-9888-4840-8DB8-D420985C4AD8}"
EndProject
Project("{FAE04EC0-301F-11D3-BF4B-00C04F79EFBC}") = "Klijent", "Klijent\Klijent.csproj", "{B7646213-BBC7-4E49-A32E-39180010C2A1}"
EndProject
Global
	GlobalSection(SolutionConfigurationPlatforms) = preSolution
		Debug|Any CPU = Debug|Any CPU
		Release|Any CPU = Release|Any CPU
	EndGlobalSection
	GlobalSection(ProjectConfigurationPlatforms) = postSolution
		{F9B20BBB-8084-408E-8195-BE1885EDF930}.Debug|Any CPU.ActiveCfg = Debug|Any CPU
		{F9B20BBB-8084-408E-8195-BE1885EDF930}.Debug|Any CPU.Build.0 = Debug|Any CPU
		{F9B20BBB-8084-408E-8195-BE1885EDF930}.Release|Any CPU.ActiveCfg = Release|Any CPU
		{F9B20BBB-8084-408E-8195-BE1885EDF930}.Release|Any CPU.Build.0 = Release|Any CPU
		{79E7672C-9888-4840-8DB8-D420985C4AD8}.Debug|Any CPU.ActiveCfg = Debug|Any CPU
		{79E7672C-9888-4840-8DB8-D420985C4AD8}.Debug|Any CPU.Build.0 = Debug|Any CPU
		{79E7672C-9888-4840-8DB8-D420985C4AD8}.Release|Any CPU.ActiveCfg = Release|Any CPU
		{79E7672C-9888-4840-8DB8-D420985C4AD8}.Release|Any CPU.Build.0 = Release|Any CPU
		{B7646213-BBC7-4E49-A32E-39180010C2A1}.Debug|Any CPU.ActiveCfg = Debug|Any CPU
		{B7646213-BBC7-4E49-A32E-39180010C2A1}.Debug|Any CPU.Build.0 = Debug|Any CPU
		{B7646213-BBC7-4E49-A32E-39180010C2A1}.Release|Any CPU.ActiveCfg = Release|Any CPU
		{B7646213-BBC7-4E49-A32E-39180010C2A1}.Release|Any CPU.Build.0 = Release|Any CPU
	EndGlobalSection
	GlobalSection(SolutionProperties) = preSolution
		HideSolutionNode = FALSE
	EndGlobalSection
	GlobalSection(ExtensibilityGlobals) = postSolution
		SolutionGuid = {C448F3E2-D0EC-48DA-92F2-C975C78BAE0B}
	EndGlobalSection
EndGlobal
